// !$*UTF8*$!
{
	archiveVersion = 1;
	classes = {
	};
	objectVersion = 54;
	objects = {

/* Begin PBXBuildFile section */
		00E356F31AD99517003FC87E /* hplifeTests.m in Sources */ = {isa = PBXBuildFile; fileRef = 00E356F21AD99517003FC87E /* hplifeTests.m */; };
		0C80B921A6F3F58F76C31292 /* libPods-hplife.a in Frameworks */ = {isa = PBXBuildFile; fileRef = 5DCACB8F33CDC322A6C60F78 /* libPods-hplife.a */; };
		0CAD3694D4954E91B336BD6E /* FormaDJRMicro-ExtraLight.ttf in Resources */ = {isa = PBXBuildFile; fileRef = 6BD22DFC668141FEB0B398A9 /* FormaDJRMicro-ExtraLight.ttf */; };
		0E6EC30766E1433BBA7D3F13 /* FormaDJRMicro-BlackItalic.ttf in Resources */ = {isa = PBXBuildFile; fileRef = 396EFC0C19B14FDBB1FB05A3 /* FormaDJRMicro-BlackItalic.ttf */; };
		0FDA4C3BB2BB47D682DD2889 /* FormaDJRMicro-Light.ttf in Resources */ = {isa = PBXBuildFile; fileRef = FBDF8CBB49614301AB25ACC9 /* FormaDJRMicro-Light.ttf */; };
		13B07FBC1A68108700A75B9A /* AppDelegate.mm in Sources */ = {isa = PBXBuildFile; fileRef = 13B07FB01A68108700A75B9A /* AppDelegate.mm */; };
		13B07FBF1A68108700A75B9A /* Images.xcassets in Resources */ = {isa = PBXBuildFile; fileRef = 13B07FB51A68108700A75B9A /* Images.xcassets */; };
		13B07FC11A68108700A75B9A /* main.m in Sources */ = {isa = PBXBuildFile; fileRef = 13B07FB71A68108700A75B9A /* main.m */; };
		2059AD07D4C9430097C35E07 /* FormaDJRMicro-Italic.ttf in Resources */ = {isa = PBXBuildFile; fileRef = 491AAA9878DF4DC3B160CA4C /* FormaDJRMicro-Italic.ttf */; };
		2C2FBAA33E784144823F11D1 /* FormaDJRMicro-ExtraLightItalic.ttf in Resources */ = {isa = PBXBuildFile; fileRef = 172F9AAA71204589888E99F3 /* FormaDJRMicro-ExtraLightItalic.ttf */; };
		4C4571B5E1964B7ABB1C9427 /* FormaDJRMicro-Regular.ttf in Resources */ = {isa = PBXBuildFile; fileRef = B26F63D7B86D42F3A72EA3DA /* FormaDJRMicro-Regular.ttf */; };
		6851A27B2E7FE0C7F9185284 /* PrivacyInfo.xcprivacy in Resources */ = {isa = PBXBuildFile; fileRef = D45C5F70EF8382BB0095FBD3 /* PrivacyInfo.xcprivacy */; };
		7699B88040F8A987B510C191 /* libPods-hplife-hplifeTests.a in Frameworks */ = {isa = PBXBuildFile; fileRef = 19F6CBCC0A4E27FBF8BF4A61 /* libPods-hplife-hplifeTests.a */; };
		81AB9BB82411601600AC10FF /* LaunchScreen.storyboard in Resources */ = {isa = PBXBuildFile; fileRef = 81AB9BB72411601600AC10FF /* LaunchScreen.storyboard */; };
		87D59F4B46F84B7E88C43168 /* FormaDJRMicro-MediumItalic.ttf in Resources */ = {isa = PBXBuildFile; fileRef = C2A4D61CA06A4FA782CEA5C8 /* FormaDJRMicro-MediumItalic.ttf */; };
		9270D2C77315469184CF4C91 /* FormaDJRMicro-Black.ttf in Resources */ = {isa = PBXBuildFile; fileRef = F48C10BED7BF4CD5B88F432E /* FormaDJRMicro-Black.ttf */; };
		B7C2797F2FDB40FDB1D3DF66 /* FormaDJRMicro-Bold.ttf in Resources */ = {isa = PBXBuildFile; fileRef = EE8425780BC94D27965C5C6D /* FormaDJRMicro-Bold.ttf */; };
		BF0154212BE3E6D5000A33BA /* Fontisto.ttf in Resources */ = {isa = PBXBuildFile; fileRef = BF01540E2BE3E6D5000A33BA /* Fontisto.ttf */; };
		BF0154222BE3E6D5000A33BA /* Octicons.ttf in Resources */ = {isa = PBXBuildFile; fileRef = BF01540F2BE3E6D5000A33BA /* Octicons.ttf */; };
		BF0154232BE3E6D5000A33BA /* Feather.ttf in Resources */ = {isa = PBXBuildFile; fileRef = BF0154102BE3E6D5000A33BA /* Feather.ttf */; };
		BF0154242BE3E6D5000A33BA /* FontAwesome6_Regular.ttf in Resources */ = {isa = PBXBuildFile; fileRef = BF0154112BE3E6D5000A33BA /* FontAwesome6_Regular.ttf */; };
		BF0154252BE3E6D5000A33BA /* Entypo.ttf in Resources */ = {isa = PBXBuildFile; fileRef = BF0154122BE3E6D5000A33BA /* Entypo.ttf */; };
		BF0154262BE3E6D5000A33BA /* FontAwesome5_Brands.ttf in Resources */ = {isa = PBXBuildFile; fileRef = BF0154132BE3E6D5000A33BA /* FontAwesome5_Brands.ttf */; };
		BF0154272BE3E6D5000A33BA /* MaterialCommunityIcons.ttf in Resources */ = {isa = PBXBuildFile; fileRef = BF0154142BE3E6D5000A33BA /* MaterialCommunityIcons.ttf */; };
		BF0154282BE3E6D5000A33BA /* AntDesign.ttf in Resources */ = {isa = PBXBuildFile; fileRef = BF0154152BE3E6D5000A33BA /* AntDesign.ttf */; };
		BF0154292BE3E6D5000A33BA /* Foundation.ttf in Resources */ = {isa = PBXBuildFile; fileRef = BF0154162BE3E6D5000A33BA /* Foundation.ttf */; };
		BF01542A2BE3E6D5000A33BA /* Ionicons.ttf in Resources */ = {isa = PBXBuildFile; fileRef = BF0154172BE3E6D5000A33BA /* Ionicons.ttf */; };
		BF01542B2BE3E6D5000A33BA /* FontAwesome5_Solid.ttf in Resources */ = {isa = PBXBuildFile; fileRef = BF0154182BE3E6D5000A33BA /* FontAwesome5_Solid.ttf */; };
		BF01542C2BE3E6D5000A33BA /* FontAwesome5_Regular.ttf in Resources */ = {isa = PBXBuildFile; fileRef = BF0154192BE3E6D5000A33BA /* FontAwesome5_Regular.ttf */; };
		BF01542D2BE3E6D5000A33BA /* FontAwesome.ttf in Resources */ = {isa = PBXBuildFile; fileRef = BF01541A2BE3E6D5000A33BA /* FontAwesome.ttf */; };
		BF01542E2BE3E6D5000A33BA /* Zocial.ttf in Resources */ = {isa = PBXBuildFile; fileRef = BF01541B2BE3E6D5000A33BA /* Zocial.ttf */; };
		BF01542F2BE3E6D5000A33BA /* EvilIcons.ttf in Resources */ = {isa = PBXBuildFile; fileRef = BF01541C2BE3E6D5000A33BA /* EvilIcons.ttf */; };
		BF0154302BE3E6D5000A33BA /* FontAwesome6_Solid.ttf in Resources */ = {isa = PBXBuildFile; fileRef = BF01541D2BE3E6D5000A33BA /* FontAwesome6_Solid.ttf */; };
		BF0154312BE3E6D5000A33BA /* SimpleLineIcons.ttf in Resources */ = {isa = PBXBuildFile; fileRef = BF01541E2BE3E6D5000A33BA /* SimpleLineIcons.ttf */; };
		BF0154322BE3E6D5000A33BA /* FontAwesome6_Brands.ttf in Resources */ = {isa = PBXBuildFile; fileRef = BF01541F2BE3E6D5000A33BA /* FontAwesome6_Brands.ttf */; };
		BF0154332BE3E6D5000A33BA /* MaterialIcons.ttf in Resources */ = {isa = PBXBuildFile; fileRef = BF0154202BE3E6D5000A33BA /* MaterialIcons.ttf */; };
		C0767260BCD6497BA0DDB1CB /* FormaDJRMicro-LightItalic.ttf in Resources */ = {isa = PBXBuildFile; fileRef = 1DE0FBF2E59F4202B02B75C8 /* FormaDJRMicro-LightItalic.ttf */; };
		CA61CD53AA844E9F91E57EE4 /* FormaDJRMicro-Medium.ttf in Resources */ = {isa = PBXBuildFile; fileRef = AB0C4A1C55CA46BD94CB485E /* FormaDJRMicro-Medium.ttf */; };
		D0D5AD2A37BD401997353962 /* FormaDJRMicro-ExtraBoldItalic.ttf in Resources */ = {isa = PBXBuildFile; fileRef = 9A19D3FA11A248D1AFC968DB /* FormaDJRMicro-ExtraBoldItalic.ttf */; };
		D7E4EBB8E3AB4EAD97F473D8 /* FormaDJRMicro-ExtraBold.ttf in Resources */ = {isa = PBXBuildFile; fileRef = 11A7262C580B489A84A0DCD6 /* FormaDJRMicro-ExtraBold.ttf */; };
		F87644CE3542409892975EC6 /* FormaDJRMicro-BoldItalic.ttf in Resources */ = {isa = PBXBuildFile; fileRef = 959ECAB7AD3A4A41A667CC7A /* FormaDJRMicro-BoldItalic.ttf */; };
/* End PBXBuildFile section */

/* Begin PBXContainerItemProxy section */
		00E356F41AD99517003FC87E /* PBXContainerItemProxy */ = {
			isa = PBXContainerItemProxy;
			containerPortal = 83CBB9F71A601CBA00E9B192 /* Project object */;
			proxyType = 1;
			remoteGlobalIDString = 13B07F861A680F5B00A75B9A;
			remoteInfo = hplife;
		};
/* End PBXContainerItemProxy section */

/* Begin PBXFileReference section */
		00E356EE1AD99517003FC87E /* hplifeTests.xctest */ = {isa = PBXFileReference; explicitFileType = wrapper.cfbundle; includeInIndex = 0; path = hplifeTests.xctest; sourceTree = BUILT_PRODUCTS_DIR; };
		00E356F11AD99517003FC87E /* Info.plist */ = {isa = PBXFileReference; lastKnownFileType = text.plist.xml; path = Info.plist; sourceTree = "<group>"; };
		00E356F21AD99517003FC87E /* hplifeTests.m */ = {isa = PBXFileReference; lastKnownFileType = sourcecode.c.objc; path = hplifeTests.m; sourceTree = "<group>"; };
		11A7262C580B489A84A0DCD6 /* FormaDJRMicro-ExtraBold.ttf */ = {isa = PBXFileReference; explicitFileType = undefined; fileEncoding = undefined; includeInIndex = 0; lastKnownFileType = unknown; name = "FormaDJRMicro-ExtraBold.ttf"; path = "../src/res/fonts/FormaDJRMicro-ExtraBold.ttf"; sourceTree = "<group>"; };
		13B07F961A680F5B00A75B9A /* hplife.app */ = {isa = PBXFileReference; explicitFileType = wrapper.application; includeInIndex = 0; path = hplife.app; sourceTree = BUILT_PRODUCTS_DIR; };
		13B07FAF1A68108700A75B9A /* AppDelegate.h */ = {isa = PBXFileReference; fileEncoding = 4; lastKnownFileType = sourcecode.c.h; name = AppDelegate.h; path = hplife/AppDelegate.h; sourceTree = "<group>"; };
		13B07FB01A68108700A75B9A /* AppDelegate.mm */ = {isa = PBXFileReference; fileEncoding = 4; lastKnownFileType = sourcecode.cpp.objcpp; name = AppDelegate.mm; path = hplife/AppDelegate.mm; sourceTree = "<group>"; };
		13B07FB51A68108700A75B9A /* Images.xcassets */ = {isa = PBXFileReference; lastKnownFileType = folder.assetcatalog; name = Images.xcassets; path = hplife/Images.xcassets; sourceTree = "<group>"; };
		13B07FB61A68108700A75B9A /* Info.plist */ = {isa = PBXFileReference; fileEncoding = 4; lastKnownFileType = text.plist.xml; name = Info.plist; path = hplife/Info.plist; sourceTree = "<group>"; };
		13B07FB71A68108700A75B9A /* main.m */ = {isa = PBXFileReference; fileEncoding = 4; lastKnownFileType = sourcecode.c.objc; name = main.m; path = hplife/main.m; sourceTree = "<group>"; };
		13B07FB81A68108700A75B9A /* PrivacyInfo.xcprivacy */ = {isa = PBXFileReference; fileEncoding = 4; lastKnownFileType = text.plist.xml; name = PrivacyInfo.xcprivacy; path = hplife/PrivacyInfo.xcprivacy; sourceTree = "<group>"; };
		172F9AAA71204589888E99F3 /* FormaDJRMicro-ExtraLightItalic.ttf */ = {isa = PBXFileReference; explicitFileType = undefined; fileEncoding = undefined; includeInIndex = 0; lastKnownFileType = unknown; name = "FormaDJRMicro-ExtraLightItalic.ttf"; path = "../src/res/fonts/FormaDJRMicro-ExtraLightItalic.ttf"; sourceTree = "<group>"; };
		19F6CBCC0A4E27FBF8BF4A61 /* libPods-hplife-hplifeTests.a */ = {isa = PBXFileReference; explicitFileType = archive.ar; includeInIndex = 0; path = "libPods-hplife-hplifeTests.a"; sourceTree = BUILT_PRODUCTS_DIR; };
		1DE0FBF2E59F4202B02B75C8 /* FormaDJRMicro-LightItalic.ttf */ = {isa = PBXFileReference; explicitFileType = undefined; fileEncoding = undefined; includeInIndex = 0; lastKnownFileType = unknown; name = "FormaDJRMicro-LightItalic.ttf"; path = "../src/res/fonts/FormaDJRMicro-LightItalic.ttf"; sourceTree = "<group>"; };
		396EFC0C19B14FDBB1FB05A3 /* FormaDJRMicro-BlackItalic.ttf */ = {isa = PBXFileReference; explicitFileType = undefined; fileEncoding = undefined; includeInIndex = 0; lastKnownFileType = unknown; name = "FormaDJRMicro-BlackItalic.ttf"; path = "../src/res/fonts/FormaDJRMicro-BlackItalic.ttf"; sourceTree = "<group>"; };
		3B4392A12AC88292D35C810B /* Pods-hplife.debug.xcconfig */ = {isa = PBXFileReference; includeInIndex = 1; lastKnownFileType = text.xcconfig; name = "Pods-hplife.debug.xcconfig"; path = "Target Support Files/Pods-hplife/Pods-hplife.debug.xcconfig"; sourceTree = "<group>"; };
		491AAA9878DF4DC3B160CA4C /* FormaDJRMicro-Italic.ttf */ = {isa = PBXFileReference; explicitFileType = undefined; fileEncoding = undefined; includeInIndex = 0; lastKnownFileType = unknown; name = "FormaDJRMicro-Italic.ttf"; path = "../src/res/fonts/FormaDJRMicro-Italic.ttf"; sourceTree = "<group>"; };
		5709B34CF0A7D63546082F79 /* Pods-hplife.release.xcconfig */ = {isa = PBXFileReference; includeInIndex = 1; lastKnownFileType = text.xcconfig; name = "Pods-hplife.release.xcconfig"; path = "Target Support Files/Pods-hplife/Pods-hplife.release.xcconfig"; sourceTree = "<group>"; };
		5B7EB9410499542E8C5724F5 /* Pods-hplife-hplifeTests.debug.xcconfig */ = {isa = PBXFileReference; includeInIndex = 1; lastKnownFileType = text.xcconfig; name = "Pods-hplife-hplifeTests.debug.xcconfig"; path = "Target Support Files/Pods-hplife-hplifeTests/Pods-hplife-hplifeTests.debug.xcconfig"; sourceTree = "<group>"; };
		5DCACB8F33CDC322A6C60F78 /* libPods-hplife.a */ = {isa = PBXFileReference; explicitFileType = archive.ar; includeInIndex = 0; path = "libPods-hplife.a"; sourceTree = BUILT_PRODUCTS_DIR; };
		6BD22DFC668141FEB0B398A9 /* FormaDJRMicro-ExtraLight.ttf */ = {isa = PBXFileReference; explicitFileType = undefined; fileEncoding = undefined; includeInIndex = 0; lastKnownFileType = unknown; name = "FormaDJRMicro-ExtraLight.ttf"; path = "../src/res/fonts/FormaDJRMicro-ExtraLight.ttf"; sourceTree = "<group>"; };
		81AB9BB72411601600AC10FF /* LaunchScreen.storyboard */ = {isa = PBXFileReference; fileEncoding = 4; lastKnownFileType = file.storyboard; name = LaunchScreen.storyboard; path = hplife/LaunchScreen.storyboard; sourceTree = "<group>"; };
		89C6BE57DB24E9ADA2F236DE /* Pods-hplife-hplifeTests.release.xcconfig */ = {isa = PBXFileReference; includeInIndex = 1; lastKnownFileType = text.xcconfig; name = "Pods-hplife-hplifeTests.release.xcconfig"; path = "Target Support Files/Pods-hplife-hplifeTests/Pods-hplife-hplifeTests.release.xcconfig"; sourceTree = "<group>"; };
		959ECAB7AD3A4A41A667CC7A /* FormaDJRMicro-BoldItalic.ttf */ = {isa = PBXFileReference; explicitFileType = undefined; fileEncoding = undefined; includeInIndex = 0; lastKnownFileType = unknown; name = "FormaDJRMicro-BoldItalic.ttf"; path = "../src/res/fonts/FormaDJRMicro-BoldItalic.ttf"; sourceTree = "<group>"; };
		9A19D3FA11A248D1AFC968DB /* FormaDJRMicro-ExtraBoldItalic.ttf */ = {isa = PBXFileReference; explicitFileType = undefined; fileEncoding = undefined; includeInIndex = 0; lastKnownFileType = unknown; name = "FormaDJRMicro-ExtraBoldItalic.ttf"; path = "../src/res/fonts/FormaDJRMicro-ExtraBoldItalic.ttf"; sourceTree = "<group>"; };
		AB0C4A1C55CA46BD94CB485E /* FormaDJRMicro-Medium.ttf */ = {isa = PBXFileReference; explicitFileType = undefined; fileEncoding = undefined; includeInIndex = 0; lastKnownFileType = unknown; name = "FormaDJRMicro-Medium.ttf"; path = "../src/res/fonts/FormaDJRMicro-Medium.ttf"; sourceTree = "<group>"; };
		B26F63D7B86D42F3A72EA3DA /* FormaDJRMicro-Regular.ttf */ = {isa = PBXFileReference; explicitFileType = undefined; fileEncoding = undefined; includeInIndex = 0; lastKnownFileType = unknown; name = "FormaDJRMicro-Regular.ttf"; path = "../src/res/fonts/FormaDJRMicro-Regular.ttf"; sourceTree = "<group>"; };
		BF01540E2BE3E6D5000A33BA /* Fontisto.ttf */ = {isa = PBXFileReference; lastKnownFileType = file; path = Fontisto.ttf; sourceTree = "<group>"; };
		BF01540F2BE3E6D5000A33BA /* Octicons.ttf */ = {isa = PBXFileReference; lastKnownFileType = file; path = Octicons.ttf; sourceTree = "<group>"; };
		BF0154102BE3E6D5000A33BA /* Feather.ttf */ = {isa = PBXFileReference; lastKnownFileType = file; path = Feather.ttf; sourceTree = "<group>"; };
		BF0154112BE3E6D5000A33BA /* FontAwesome6_Regular.ttf */ = {isa = PBXFileReference; lastKnownFileType = file; path = FontAwesome6_Regular.ttf; sourceTree = "<group>"; };
		BF0154122BE3E6D5000A33BA /* Entypo.ttf */ = {isa = PBXFileReference; lastKnownFileType = file; path = Entypo.ttf; sourceTree = "<group>"; };
		BF0154132BE3E6D5000A33BA /* FontAwesome5_Brands.ttf */ = {isa = PBXFileReference; lastKnownFileType = file; path = FontAwesome5_Brands.ttf; sourceTree = "<group>"; };
		BF0154142BE3E6D5000A33BA /* MaterialCommunityIcons.ttf */ = {isa = PBXFileReference; lastKnownFileType = file; path = MaterialCommunityIcons.ttf; sourceTree = "<group>"; };
		BF0154152BE3E6D5000A33BA /* AntDesign.ttf */ = {isa = PBXFileReference; lastKnownFileType = file; path = AntDesign.ttf; sourceTree = "<group>"; };
		BF0154162BE3E6D5000A33BA /* Foundation.ttf */ = {isa = PBXFileReference; lastKnownFileType = file; path = Foundation.ttf; sourceTree = "<group>"; };
		BF0154172BE3E6D5000A33BA /* Ionicons.ttf */ = {isa = PBXFileReference; lastKnownFileType = file; path = Ionicons.ttf; sourceTree = "<group>"; };
		BF0154182BE3E6D5000A33BA /* FontAwesome5_Solid.ttf */ = {isa = PBXFileReference; lastKnownFileType = file; path = FontAwesome5_Solid.ttf; sourceTree = "<group>"; };
		BF0154192BE3E6D5000A33BA /* FontAwesome5_Regular.ttf */ = {isa = PBXFileReference; lastKnownFileType = file; path = FontAwesome5_Regular.ttf; sourceTree = "<group>"; };
		BF01541A2BE3E6D5000A33BA /* FontAwesome.ttf */ = {isa = PBXFileReference; lastKnownFileType = file; path = FontAwesome.ttf; sourceTree = "<group>"; };
		BF01541B2BE3E6D5000A33BA /* Zocial.ttf */ = {isa = PBXFileReference; lastKnownFileType = file; path = Zocial.ttf; sourceTree = "<group>"; };
		BF01541C2BE3E6D5000A33BA /* EvilIcons.ttf */ = {isa = PBXFileReference; lastKnownFileType = file; path = EvilIcons.ttf; sourceTree = "<group>"; };
		BF01541D2BE3E6D5000A33BA /* FontAwesome6_Solid.ttf */ = {isa = PBXFileReference; lastKnownFileType = file; path = FontAwesome6_Solid.ttf; sourceTree = "<group>"; };
		BF01541E2BE3E6D5000A33BA /* SimpleLineIcons.ttf */ = {isa = PBXFileReference; lastKnownFileType = file; path = SimpleLineIcons.ttf; sourceTree = "<group>"; };
		BF01541F2BE3E6D5000A33BA /* FontAwesome6_Brands.ttf */ = {isa = PBXFileReference; lastKnownFileType = file; path = FontAwesome6_Brands.ttf; sourceTree = "<group>"; };
		BF0154202BE3E6D5000A33BA /* MaterialIcons.ttf */ = {isa = PBXFileReference; lastKnownFileType = file; path = MaterialIcons.ttf; sourceTree = "<group>"; };
		C2A4D61CA06A4FA782CEA5C8 /* FormaDJRMicro-MediumItalic.ttf */ = {isa = PBXFileReference; explicitFileType = undefined; fileEncoding = undefined; includeInIndex = 0; lastKnownFileType = unknown; name = "FormaDJRMicro-MediumItalic.ttf"; path = "../src/res/fonts/FormaDJRMicro-MediumItalic.ttf"; sourceTree = "<group>"; };
		D45C5F70EF8382BB0095FBD3 /* PrivacyInfo.xcprivacy */ = {isa = PBXFileReference; includeInIndex = 1; name = PrivacyInfo.xcprivacy; path = hplife/PrivacyInfo.xcprivacy; sourceTree = "<group>"; };
		ED297162215061F000B7C4FE /* JavaScriptCore.framework */ = {isa = PBXFileReference; lastKnownFileType = wrapper.framework; name = JavaScriptCore.framework; path = System/Library/Frameworks/JavaScriptCore.framework; sourceTree = SDKROOT; };
		EE8425780BC94D27965C5C6D /* FormaDJRMicro-Bold.ttf */ = {isa = PBXFileReference; explicitFileType = undefined; fileEncoding = undefined; includeInIndex = 0; lastKnownFileType = unknown; name = "FormaDJRMicro-Bold.ttf"; path = "../src/res/fonts/FormaDJRMicro-Bold.ttf"; sourceTree = "<group>"; };
		F48C10BED7BF4CD5B88F432E /* FormaDJRMicro-Black.ttf */ = {isa = PBXFileReference; explicitFileType = undefined; fileEncoding = undefined; includeInIndex = 0; lastKnownFileType = unknown; name = "FormaDJRMicro-Black.ttf"; path = "../src/res/fonts/FormaDJRMicro-Black.ttf"; sourceTree = "<group>"; };
		FBDF8CBB49614301AB25ACC9 /* FormaDJRMicro-Light.ttf */ = {isa = PBXFileReference; explicitFileType = undefined; fileEncoding = undefined; includeInIndex = 0; lastKnownFileType = unknown; name = "FormaDJRMicro-Light.ttf"; path = "../src/res/fonts/FormaDJRMicro-Light.ttf"; sourceTree = "<group>"; };
/* End PBXFileReference section */

/* Begin PBXFrameworksBuildPhase section */
		00E356EB1AD99517003FC87E /* Frameworks */ = {
			isa = PBXFrameworksBuildPhase;
			buildActionMask = 2147483647;
			files = (
				7699B88040F8A987B510C191 /* libPods-hplife-hplifeTests.a in Frameworks */,
			);
			runOnlyForDeploymentPostprocessing = 0;
		};
		13B07F8C1A680F5B00A75B9A /* Frameworks */ = {
			isa = PBXFrameworksBuildPhase;
			buildActionMask = 2147483647;
			files = (
				0C80B921A6F3F58F76C31292 /* libPods-hplife.a in Frameworks */,
			);
			runOnlyForDeploymentPostprocessing = 0;
		};
/* End PBXFrameworksBuildPhase section */

/* Begin PBXGroup section */
		00E356EF1AD99517003FC87E /* hplifeTests */ = {
			isa = PBXGroup;
			children = (
				00E356F21AD99517003FC87E /* hplifeTests.m */,
				00E356F01AD99517003FC87E /* Supporting Files */,
			);
			path = hplifeTests;
			sourceTree = "<group>";
		};
		00E356F01AD99517003FC87E /* Supporting Files */ = {
			isa = PBXGroup;
			children = (
				00E356F11AD99517003FC87E /* Info.plist */,
			);
			name = "Supporting Files";
			sourceTree = "<group>";
		};
		13B07FAE1A68108700A75B9A /* hplife */ = {
			isa = PBXGroup;
			children = (
				BF01540D2BE3E6D5000A33BA /* Fonts */,
				13B07FAF1A68108700A75B9A /* AppDelegate.h */,
				13B07FB01A68108700A75B9A /* AppDelegate.mm */,
				13B07FB51A68108700A75B9A /* Images.xcassets */,
				13B07FB61A68108700A75B9A /* Info.plist */,
				81AB9BB72411601600AC10FF /* LaunchScreen.storyboard */,
				13B07FB71A68108700A75B9A /* main.m */,
				13B07FB81A68108700A75B9A /* PrivacyInfo.xcprivacy */,
				D45C5F70EF8382BB0095FBD3 /* PrivacyInfo.xcprivacy */,
			);
			name = hplife;
			sourceTree = "<group>";
		};
		2D16E6871FA4F8E400B85C8A /* Frameworks */ = {
			isa = PBXGroup;
			children = (
				ED297162215061F000B7C4FE /* JavaScriptCore.framework */,
				5DCACB8F33CDC322A6C60F78 /* libPods-hplife.a */,
				19F6CBCC0A4E27FBF8BF4A61 /* libPods-hplife-hplifeTests.a */,
			);
			name = Frameworks;
			sourceTree = "<group>";
		};
		522CB569103F4B91AA1E81BB /* Resources */ = {
			isa = PBXGroup;
			children = (
				F48C10BED7BF4CD5B88F432E /* FormaDJRMicro-Black.ttf */,
				396EFC0C19B14FDBB1FB05A3 /* FormaDJRMicro-BlackItalic.ttf */,
				EE8425780BC94D27965C5C6D /* FormaDJRMicro-Bold.ttf */,
				959ECAB7AD3A4A41A667CC7A /* FormaDJRMicro-BoldItalic.ttf */,
				11A7262C580B489A84A0DCD6 /* FormaDJRMicro-ExtraBold.ttf */,
				9A19D3FA11A248D1AFC968DB /* FormaDJRMicro-ExtraBoldItalic.ttf */,
				6BD22DFC668141FEB0B398A9 /* FormaDJRMicro-ExtraLight.ttf */,
				172F9AAA71204589888E99F3 /* FormaDJRMicro-ExtraLightItalic.ttf */,
				491AAA9878DF4DC3B160CA4C /* FormaDJRMicro-Italic.ttf */,
				FBDF8CBB49614301AB25ACC9 /* FormaDJRMicro-Light.ttf */,
				1DE0FBF2E59F4202B02B75C8 /* FormaDJRMicro-LightItalic.ttf */,
				AB0C4A1C55CA46BD94CB485E /* FormaDJRMicro-Medium.ttf */,
				C2A4D61CA06A4FA782CEA5C8 /* FormaDJRMicro-MediumItalic.ttf */,
				B26F63D7B86D42F3A72EA3DA /* FormaDJRMicro-Regular.ttf */,
			);
			name = Resources;
			path = "";
			sourceTree = "<group>";
		};
		832341AE1AAA6A7D00B99B32 /* Libraries */ = {
			isa = PBXGroup;
			children = (
			);
			name = Libraries;
			sourceTree = "<group>";
		};
		83CBB9F61A601CBA00E9B192 = {
			isa = PBXGroup;
			children = (
				13B07FAE1A68108700A75B9A /* hplife */,
				832341AE1AAA6A7D00B99B32 /* Libraries */,
				00E356EF1AD99517003FC87E /* hplifeTests */,
				83CBBA001A601CBA00E9B192 /* Products */,
				2D16E6871FA4F8E400B85C8A /* Frameworks */,
				BBD78D7AC51CEA395F1C20DB /* Pods */,
				522CB569103F4B91AA1E81BB /* Resources */,
			);
			indentWidth = 2;
			sourceTree = "<group>";
			tabWidth = 2;
			usesTabs = 0;
		};
		83CBBA001A601CBA00E9B192 /* Products */ = {
			isa = PBXGroup;
			children = (
				13B07F961A680F5B00A75B9A /* hplife.app */,
				00E356EE1AD99517003FC87E /* hplifeTests.xctest */,
			);
			name = Products;
			sourceTree = "<group>";
		};
		BBD78D7AC51CEA395F1C20DB /* Pods */ = {
			isa = PBXGroup;
			children = (
				3B4392A12AC88292D35C810B /* Pods-hplife.debug.xcconfig */,
				5709B34CF0A7D63546082F79 /* Pods-hplife.release.xcconfig */,
				5B7EB9410499542E8C5724F5 /* Pods-hplife-hplifeTests.debug.xcconfig */,
				89C6BE57DB24E9ADA2F236DE /* Pods-hplife-hplifeTests.release.xcconfig */,
			);
			path = Pods;
			sourceTree = "<group>";
		};
		BF01540D2BE3E6D5000A33BA /* Fonts */ = {
			isa = PBXGroup;
			children = (
				BF01540E2BE3E6D5000A33BA /* Fontisto.ttf */,
				BF01540F2BE3E6D5000A33BA /* Octicons.ttf */,
				BF0154102BE3E6D5000A33BA /* Feather.ttf */,
				BF0154112BE3E6D5000A33BA /* FontAwesome6_Regular.ttf */,
				BF0154122BE3E6D5000A33BA /* Entypo.ttf */,
				BF0154132BE3E6D5000A33BA /* FontAwesome5_Brands.ttf */,
				BF0154142BE3E6D5000A33BA /* MaterialCommunityIcons.ttf */,
				BF0154152BE3E6D5000A33BA /* AntDesign.ttf */,
				BF0154162BE3E6D5000A33BA /* Foundation.ttf */,
				BF0154172BE3E6D5000A33BA /* Ionicons.ttf */,
				BF0154182BE3E6D5000A33BA /* FontAwesome5_Solid.ttf */,
				BF0154192BE3E6D5000A33BA /* FontAwesome5_Regular.ttf */,
				BF01541A2BE3E6D5000A33BA /* FontAwesome.ttf */,
				BF01541B2BE3E6D5000A33BA /* Zocial.ttf */,
				BF01541C2BE3E6D5000A33BA /* EvilIcons.ttf */,
				BF01541D2BE3E6D5000A33BA /* FontAwesome6_Solid.ttf */,
				BF01541E2BE3E6D5000A33BA /* SimpleLineIcons.ttf */,
				BF01541F2BE3E6D5000A33BA /* FontAwesome6_Brands.ttf */,
				BF0154202BE3E6D5000A33BA /* MaterialIcons.ttf */,
			);
			name = Fonts;
			path = "../node_modules/react-native-vector-icons/Fonts";
			sourceTree = "<group>";
		};
/* End PBXGroup section */

/* Begin PBXNativeTarget section */
		00E356ED1AD99517003FC87E /* hplifeTests */ = {
			isa = PBXNativeTarget;
			buildConfigurationList = 00E357021AD99517003FC87E /* Build configuration list for PBXNativeTarget "hplifeTests" */;
			buildPhases = (
				A55EABD7B0C7F3A422A6CC61 /* [CP] Check Pods Manifest.lock */,
				00E356EA1AD99517003FC87E /* Sources */,
				00E356EB1AD99517003FC87E /* Frameworks */,
				00E356EC1AD99517003FC87E /* Resources */,
				C59DA0FBD6956966B86A3779 /* [CP] Embed Pods Frameworks */,
				F6A41C54EA430FDDC6A6ED99 /* [CP] Copy Pods Resources */,
			);
			buildRules = (
			);
			dependencies = (
				00E356F51AD99517003FC87E /* PBXTargetDependency */,
			);
			name = hplifeTests;
			productName = hplifeTests;
			productReference = 00E356EE1AD99517003FC87E /* hplifeTests.xctest */;
			productType = "com.apple.product-type.bundle.unit-test";
		};
		13B07F861A680F5B00A75B9A /* hplife */ = {
			isa = PBXNativeTarget;
			buildConfigurationList = 13B07F931A680F5B00A75B9A /* Build configuration list for PBXNativeTarget "hplife" */;
			buildPhases = (
				C38B50BA6285516D6DCD4F65 /* [CP] Check Pods Manifest.lock */,
				13B07F871A680F5B00A75B9A /* Sources */,
				13B07F8C1A680F5B00A75B9A /* Frameworks */,
				13B07F8E1A680F5B00A75B9A /* Resources */,
				00DD1BFF1BD5951E006B06BC /* Bundle React Native code and images */,
				00EEFC60759A1932668264C0 /* [CP] Embed Pods Frameworks */,
				E235C05ADACE081382539298 /* [CP] Copy Pods Resources */,
			);
			buildRules = (
			);
			dependencies = (
			);
			name = hplife;
			productName = hplife;
			productReference = 13B07F961A680F5B00A75B9A /* hplife.app */;
			productType = "com.apple.product-type.application";
		};
/* End PBXNativeTarget section */

/* Begin PBXProject section */
		83CBB9F71A601CBA00E9B192 /* Project object */ = {
			isa = PBXProject;
			attributes = {
				LastUpgradeCheck = 1210;
				TargetAttributes = {
					00E356ED1AD99517003FC87E = {
						CreatedOnToolsVersion = 6.2;
						TestTargetID = 13B07F861A680F5B00A75B9A;
					};
					13B07F861A680F5B00A75B9A = {
						LastSwiftMigration = 1120;
					};
				};
			};
			buildConfigurationList = 83CBB9FA1A601CBA00E9B192 /* Build configuration list for PBXProject "hplife" */;
			compatibilityVersion = "Xcode 12.0";
			developmentRegion = en;
			hasScannedForEncodings = 0;
			knownRegions = (
				en,
				Base,
			);
			mainGroup = 83CBB9F61A601CBA00E9B192;
			productRefGroup = 83CBBA001A601CBA00E9B192 /* Products */;
			projectDirPath = "";
			projectRoot = "";
			targets = (
				13B07F861A680F5B00A75B9A /* hplife */,
				00E356ED1AD99517003FC87E /* hplifeTests */,
			);
		};
/* End PBXProject section */

/* Begin PBXResourcesBuildPhase section */
		00E356EC1AD99517003FC87E /* Resources */ = {
			isa = PBXResourcesBuildPhase;
			buildActionMask = 2147483647;
			files = (
			);
			runOnlyForDeploymentPostprocessing = 0;
		};
		13B07F8E1A680F5B00A75B9A /* Resources */ = {
			isa = PBXResourcesBuildPhase;
			buildActionMask = 2147483647;
			files = (
				BF01542C2BE3E6D5000A33BA /* FontAwesome5_Regular.ttf in Resources */,
				BF0154212BE3E6D5000A33BA /* Fontisto.ttf in Resources */,
				BF0154262BE3E6D5000A33BA /* FontAwesome5_Brands.ttf in Resources */,
				BF01542A2BE3E6D5000A33BA /* Ionicons.ttf in Resources */,
				BF01542B2BE3E6D5000A33BA /* FontAwesome5_Solid.ttf in Resources */,
				BF0154252BE3E6D5000A33BA /* Entypo.ttf in Resources */,
				81AB9BB82411601600AC10FF /* LaunchScreen.storyboard in Resources */,
				BF0154282BE3E6D5000A33BA /* AntDesign.ttf in Resources */,
				BF01542E2BE3E6D5000A33BA /* Zocial.ttf in Resources */,
				BF0154292BE3E6D5000A33BA /* Foundation.ttf in Resources */,
				BF0154322BE3E6D5000A33BA /* FontAwesome6_Brands.ttf in Resources */,
				BF0154232BE3E6D5000A33BA /* Feather.ttf in Resources */,
				BF0154312BE3E6D5000A33BA /* SimpleLineIcons.ttf in Resources */,
				BF01542F2BE3E6D5000A33BA /* EvilIcons.ttf in Resources */,
				BF0154222BE3E6D5000A33BA /* Octicons.ttf in Resources */,
				BF01542D2BE3E6D5000A33BA /* FontAwesome.ttf in Resources */,
				13B07FBF1A68108700A75B9A /* Images.xcassets in Resources */,
				BF0154272BE3E6D5000A33BA /* MaterialCommunityIcons.ttf in Resources */,
				BF0154302BE3E6D5000A33BA /* FontAwesome6_Solid.ttf in Resources */,
				BF0154242BE3E6D5000A33BA /* FontAwesome6_Regular.ttf in Resources */,
				BF0154332BE3E6D5000A33BA /* MaterialIcons.ttf in Resources */,
				9270D2C77315469184CF4C91 /* FormaDJRMicro-Black.ttf in Resources */,
				0E6EC30766E1433BBA7D3F13 /* FormaDJRMicro-BlackItalic.ttf in Resources */,
				B7C2797F2FDB40FDB1D3DF66 /* FormaDJRMicro-Bold.ttf in Resources */,
				F87644CE3542409892975EC6 /* FormaDJRMicro-BoldItalic.ttf in Resources */,
				D7E4EBB8E3AB4EAD97F473D8 /* FormaDJRMicro-ExtraBold.ttf in Resources */,
				D0D5AD2A37BD401997353962 /* FormaDJRMicro-ExtraBoldItalic.ttf in Resources */,
				0CAD3694D4954E91B336BD6E /* FormaDJRMicro-ExtraLight.ttf in Resources */,
				2C2FBAA33E784144823F11D1 /* FormaDJRMicro-ExtraLightItalic.ttf in Resources */,
				2059AD07D4C9430097C35E07 /* FormaDJRMicro-Italic.ttf in Resources */,
				0FDA4C3BB2BB47D682DD2889 /* FormaDJRMicro-Light.ttf in Resources */,
				C0767260BCD6497BA0DDB1CB /* FormaDJRMicro-LightItalic.ttf in Resources */,
				CA61CD53AA844E9F91E57EE4 /* FormaDJRMicro-Medium.ttf in Resources */,
				87D59F4B46F84B7E88C43168 /* FormaDJRMicro-MediumItalic.ttf in Resources */,
				4C4571B5E1964B7ABB1C9427 /* FormaDJRMicro-Regular.ttf in Resources */,
				6851A27B2E7FE0C7F9185284 /* PrivacyInfo.xcprivacy in Resources */,
			);
			runOnlyForDeploymentPostprocessing = 0;
		};
/* End PBXResourcesBuildPhase section */

/* Begin PBXShellScriptBuildPhase section */
		00DD1BFF1BD5951E006B06BC /* Bundle React Native code and images */ = {
			isa = PBXShellScriptBuildPhase;
			buildActionMask = 2147483647;
			files = (
			);
			inputPaths = (
				"$(SRCROOT)/.xcode.env.local",
				"$(SRCROOT)/.xcode.env",
			);
			name = "Bundle React Native code and images";
			outputPaths = (
			);
			runOnlyForDeploymentPostprocessing = 0;
			shellPath = /bin/sh;
			shellScript = "set -e\n\nWITH_ENVIRONMENT=\"$REACT_NATIVE_PATH/scripts/xcode/with-environment.sh\"\nREACT_NATIVE_XCODE=\"$REACT_NATIVE_PATH/scripts/react-native-xcode.sh\"\n\n/bin/sh -c \"$WITH_ENVIRONMENT $REACT_NATIVE_XCODE\"\n";
		};
		00EEFC60759A1932668264C0 /* [CP] Embed Pods Frameworks */ = {
			isa = PBXShellScriptBuildPhase;
			buildActionMask = 2147483647;
			files = (
			);
			inputFileListPaths = (
				"${PODS_ROOT}/Target Support Files/Pods-hplife/Pods-hplife-frameworks-${CONFIGURATION}-input-files.xcfilelist",
			);
			name = "[CP] Embed Pods Frameworks";
			outputFileListPaths = (
				"${PODS_ROOT}/Target Support Files/Pods-hplife/Pods-hplife-frameworks-${CONFIGURATION}-output-files.xcfilelist",
			);
			runOnlyForDeploymentPostprocessing = 0;
			shellPath = /bin/sh;
			shellScript = "\"${PODS_ROOT}/Target Support Files/Pods-hplife/Pods-hplife-frameworks.sh\"\n";
			showEnvVarsInLog = 0;
		};
		A55EABD7B0C7F3A422A6CC61 /* [CP] Check Pods Manifest.lock */ = {
			isa = PBXShellScriptBuildPhase;
			buildActionMask = 2147483647;
			files = (
			);
			inputFileListPaths = (
			);
			inputPaths = (
				"${PODS_PODFILE_DIR_PATH}/Podfile.lock",
				"${PODS_ROOT}/Manifest.lock",
			);
			name = "[CP] Check Pods Manifest.lock";
			outputFileListPaths = (
			);
			outputPaths = (
				"$(DERIVED_FILE_DIR)/Pods-hplife-hplifeTests-checkManifestLockResult.txt",
			);
			runOnlyForDeploymentPostprocessing = 0;
			shellPath = /bin/sh;
			shellScript = "diff \"${PODS_PODFILE_DIR_PATH}/Podfile.lock\" \"${PODS_ROOT}/Manifest.lock\" > /dev/null\nif [ $? != 0 ] ; then\n    # print error to STDERR\n    echo \"error: The sandbox is not in sync with the Podfile.lock. Run 'pod install' or update your CocoaPods installation.\" >&2\n    exit 1\nfi\n# This output is used by Xcode 'outputs' to avoid re-running this script phase.\necho \"SUCCESS\" > \"${SCRIPT_OUTPUT_FILE_0}\"\n";
			showEnvVarsInLog = 0;
		};
		C38B50BA6285516D6DCD4F65 /* [CP] Check Pods Manifest.lock */ = {
			isa = PBXShellScriptBuildPhase;
			buildActionMask = 2147483647;
			files = (
			);
			inputFileListPaths = (
			);
			inputPaths = (
				"${PODS_PODFILE_DIR_PATH}/Podfile.lock",
				"${PODS_ROOT}/Manifest.lock",
			);
			name = "[CP] Check Pods Manifest.lock";
			outputFileListPaths = (
			);
			outputPaths = (
				"$(DERIVED_FILE_DIR)/Pods-hplife-checkManifestLockResult.txt",
			);
			runOnlyForDeploymentPostprocessing = 0;
			shellPath = /bin/sh;
			shellScript = "diff \"${PODS_PODFILE_DIR_PATH}/Podfile.lock\" \"${PODS_ROOT}/Manifest.lock\" > /dev/null\nif [ $? != 0 ] ; then\n    # print error to STDERR\n    echo \"error: The sandbox is not in sync with the Podfile.lock. Run 'pod install' or update your CocoaPods installation.\" >&2\n    exit 1\nfi\n# This output is used by Xcode 'outputs' to avoid re-running this script phase.\necho \"SUCCESS\" > \"${SCRIPT_OUTPUT_FILE_0}\"\n";
			showEnvVarsInLog = 0;
		};
		C59DA0FBD6956966B86A3779 /* [CP] Embed Pods Frameworks */ = {
			isa = PBXShellScriptBuildPhase;
			buildActionMask = 2147483647;
			files = (
			);
			inputFileListPaths = (
				"${PODS_ROOT}/Target Support Files/Pods-hplife-hplifeTests/Pods-hplife-hplifeTests-frameworks-${CONFIGURATION}-input-files.xcfilelist",
			);
			name = "[CP] Embed Pods Frameworks";
			outputFileListPaths = (
				"${PODS_ROOT}/Target Support Files/Pods-hplife-hplifeTests/Pods-hplife-hplifeTests-frameworks-${CONFIGURATION}-output-files.xcfilelist",
			);
			runOnlyForDeploymentPostprocessing = 0;
			shellPath = /bin/sh;
			shellScript = "\"${PODS_ROOT}/Target Support Files/Pods-hplife-hplifeTests/Pods-hplife-hplifeTests-frameworks.sh\"\n";
			showEnvVarsInLog = 0;
		};
		E235C05ADACE081382539298 /* [CP] Copy Pods Resources */ = {
			isa = PBXShellScriptBuildPhase;
			buildActionMask = 2147483647;
			files = (
			);
			inputFileListPaths = (
				"${PODS_ROOT}/Target Support Files/Pods-hplife/Pods-hplife-resources-${CONFIGURATION}-input-files.xcfilelist",
			);
			name = "[CP] Copy Pods Resources";
			outputFileListPaths = (
				"${PODS_ROOT}/Target Support Files/Pods-hplife/Pods-hplife-resources-${CONFIGURATION}-output-files.xcfilelist",
			);
			runOnlyForDeploymentPostprocessing = 0;
			shellPath = /bin/sh;
			shellScript = "\"${PODS_ROOT}/Target Support Files/Pods-hplife/Pods-hplife-resources.sh\"\n";
			showEnvVarsInLog = 0;
		};
		F6A41C54EA430FDDC6A6ED99 /* [CP] Copy Pods Resources */ = {
			isa = PBXShellScriptBuildPhase;
			buildActionMask = 2147483647;
			files = (
			);
			inputFileListPaths = (
				"${PODS_ROOT}/Target Support Files/Pods-hplife-hplifeTests/Pods-hplife-hplifeTests-resources-${CONFIGURATION}-input-files.xcfilelist",
			);
			name = "[CP] Copy Pods Resources";
			outputFileListPaths = (
				"${PODS_ROOT}/Target Support Files/Pods-hplife-hplifeTests/Pods-hplife-hplifeTests-resources-${CONFIGURATION}-output-files.xcfilelist",
			);
			runOnlyForDeploymentPostprocessing = 0;
			shellPath = /bin/sh;
			shellScript = "\"${PODS_ROOT}/Target Support Files/Pods-hplife-hplifeTests/Pods-hplife-hplifeTests-resources.sh\"\n";
			showEnvVarsInLog = 0;
		};
/* End PBXShellScriptBuildPhase section */

/* Begin PBXSourcesBuildPhase section */
		00E356EA1AD99517003FC87E /* Sources */ = {
			isa = PBXSourcesBuildPhase;
			buildActionMask = 2147483647;
			files = (
				00E356F31AD99517003FC87E /* hplifeTests.m in Sources */,
			);
			runOnlyForDeploymentPostprocessing = 0;
		};
		13B07F871A680F5B00A75B9A /* Sources */ = {
			isa = PBXSourcesBuildPhase;
			buildActionMask = 2147483647;
			files = (
				13B07FBC1A68108700A75B9A /* AppDelegate.mm in Sources */,
				13B07FC11A68108700A75B9A /* main.m in Sources */,
			);
			runOnlyForDeploymentPostprocessing = 0;
		};
/* End PBXSourcesBuildPhase section */

/* Begin PBXTargetDependency section */
		00E356F51AD99517003FC87E /* PBXTargetDependency */ = {
			isa = PBXTargetDependency;
			target = 13B07F861A680F5B00A75B9A /* hplife */;
			targetProxy = 00E356F41AD99517003FC87E /* PBXContainerItemProxy */;
		};
/* End PBXTargetDependency section */

/* Begin XCBuildConfiguration section */
		00E356F61AD99517003FC87E /* Debug */ = {
			isa = XCBuildConfiguration;
			baseConfigurationReference = 5B7EB9410499542E8C5724F5 /* Pods-hplife-hplifeTests.debug.xcconfig */;
			buildSettings = {
				BUNDLE_LOADER = "$(TEST_HOST)";
				GCC_PREPROCESSOR_DEFINITIONS = (
					"DEBUG=1",
					"$(inherited)",
				);
				INFOPLIST_FILE = hplifeTests/Info.plist;
				IPHONEOS_DEPLOYMENT_TARGET = 13.4;
				LD_RUNPATH_SEARCH_PATHS = (
					"$(inherited)",
					"@executable_path/Frameworks",
					"@loader_path/Frameworks",
				);
				OTHER_LDFLAGS = (
					"-ObjC",
					"-lc++",
					"$(inherited)",
				);
				PRODUCT_BUNDLE_IDENTIFIER = "org.reactjs.native.example.$(PRODUCT_NAME:rfc1034identifier)";
				PRODUCT_NAME = "$(TARGET_NAME)";
				TEST_HOST = "$(BUILT_PRODUCTS_DIR)/hplife.app/hplife";
			};
			name = Debug;
		};
		00E356F71AD99517003FC87E /* Release */ = {
			isa = XCBuildConfiguration;
			baseConfigurationReference = 89C6BE57DB24E9ADA2F236DE /* Pods-hplife-hplifeTests.release.xcconfig */;
			buildSettings = {
				BUNDLE_LOADER = "$(TEST_HOST)";
				COPY_PHASE_STRIP = NO;
				INFOPLIST_FILE = hplifeTests/Info.plist;
				IPHONEOS_DEPLOYMENT_TARGET = 13.4;
				LD_RUNPATH_SEARCH_PATHS = (
					"$(inherited)",
					"@executable_path/Frameworks",
					"@loader_path/Frameworks",
				);
				OTHER_LDFLAGS = (
					"-ObjC",
					"-lc++",
					"$(inherited)",
				);
				PRODUCT_BUNDLE_IDENTIFIER = "org.reactjs.native.example.$(PRODUCT_NAME:rfc1034identifier)";
				PRODUCT_NAME = "$(TARGET_NAME)";
				TEST_HOST = "$(BUILT_PRODUCTS_DIR)/hplife.app/hplife";
			};
			name = Release;
		};
		13B07F941A680F5B00A75B9A /* Debug */ = {
			isa = XCBuildConfiguration;
			baseConfigurationReference = 3B4392A12AC88292D35C810B /* Pods-hplife.debug.xcconfig */;
			buildSettings = {
				ASSETCATALOG_COMPILER_APPICON_NAME = AppIcon;
				CLANG_ENABLE_MODULES = YES;
				CURRENT_PROJECT_VERSION = 1;
				DEVELOPMENT_TEAM = CHKDALZ2P6;
				ENABLE_BITCODE = NO;
				INFOPLIST_FILE = hplife/Info.plist;
				LD_RUNPATH_SEARCH_PATHS = (
					"$(inherited)",
					"@executable_path/Frameworks",
				);
				MARKETING_VERSION = 1.0;
				OTHER_LDFLAGS = (
					"$(inherited)",
					"-ObjC",
					"-lc++",
				);
				PRODUCT_BUNDLE_IDENTIFIER = "org.reactjs.native.example.$(PRODUCT_NAME:rfc1034identifier)";
				PRODUCT_NAME = hplife;
				SWIFT_OPTIMIZATION_LEVEL = "-Onone";
				SWIFT_VERSION = 5.0;
				VERSIONING_SYSTEM = "apple-generic";
			};
			name = Debug;
		};
		13B07F951A680F5B00A75B9A /* Release */ = {
			isa = XCBuildConfiguration;
			baseConfigurationReference = 5709B34CF0A7D63546082F79 /* Pods-hplife.release.xcconfig */;
			buildSettings = {
				ASSETCATALOG_COMPILER_APPICON_NAME = AppIcon;
				CLANG_ENABLE_MODULES = YES;
				CURRENT_PROJECT_VERSION = 1;
				DEVELOPMENT_TEAM = CHKDALZ2P6;
				INFOPLIST_FILE = hplife/Info.plist;
				LD_RUNPATH_SEARCH_PATHS = (
					"$(inherited)",
					"@executable_path/Frameworks",
				);
				MARKETING_VERSION = 1.0;
				OTHER_LDFLAGS = (
					"$(inherited)",
					"-ObjC",
					"-lc++",
				);
				PRODUCT_BUNDLE_IDENTIFIER = "org.reactjs.native.example.$(PRODUCT_NAME:rfc1034identifier)";
				PRODUCT_NAME = hplife;
				SWIFT_VERSION = 5.0;
				VERSIONING_SYSTEM = "apple-generic";
			};
			name = Release;
		};
		83CBBA201A601CBA00E9B192 /* Debug */ = {
			isa = XCBuildConfiguration;
			buildSettings = {
				ALWAYS_SEARCH_USER_PATHS = NO;
				CC = "";
				CLANG_ANALYZER_LOCALIZABILITY_NONLOCALIZED = YES;
				CLANG_CXX_LANGUAGE_STANDARD = "c++20";
				CLANG_CXX_LIBRARY = "libc++";
				CLANG_ENABLE_MODULES = YES;
				CLANG_ENABLE_OBJC_ARC = YES;
				CLANG_WARN_BLOCK_CAPTURE_AUTORELEASING = YES;
				CLANG_WARN_BOOL_CONVERSION = YES;
				CLANG_WARN_COMMA = YES;
				CLANG_WARN_CONSTANT_CONVERSION = YES;
				CLANG_WARN_DEPRECATED_OBJC_IMPLEMENTATIONS = YES;
				CLANG_WARN_DIRECT_OBJC_ISA_USAGE = YES_ERROR;
				CLANG_WARN_EMPTY_BODY = YES;
				CLANG_WARN_ENUM_CONVERSION = YES;
				CLANG_WARN_INFINITE_RECURSION = YES;
				CLANG_WARN_INT_CONVERSION = YES;
				CLANG_WARN_NON_LITERAL_NULL_CONVERSION = YES;
				CLANG_WARN_OBJC_IMPLICIT_RETAIN_SELF = YES;
				CLANG_WARN_OBJC_LITERAL_CONVERSION = YES;
				CLANG_WARN_OBJC_ROOT_CLASS = YES_ERROR;
				CLANG_WARN_QUOTED_INCLUDE_IN_FRAMEWORK_HEADER = YES;
				CLANG_WARN_RANGE_LOOP_ANALYSIS = YES;
				CLANG_WARN_STRICT_PROTOTYPES = YES;
				CLANG_WARN_SUSPICIOUS_MOVE = YES;
				CLANG_WARN_UNREACHABLE_CODE = YES;
				CLANG_WARN__DUPLICATE_METHOD_MATCH = YES;
				"CODE_SIGN_IDENTITY[sdk=iphoneos*]" = "iPhone Developer";
				COPY_PHASE_STRIP = NO;
				CXX = "";
				ENABLE_STRICT_OBJC_MSGSEND = YES;
				ENABLE_TESTABILITY = YES;
				"EXCLUDED_ARCHS[sdk=iphonesimulator*]" = "";
				GCC_C_LANGUAGE_STANDARD = gnu99;
				GCC_DYNAMIC_NO_PIC = NO;
				GCC_NO_COMMON_BLOCKS = YES;
				GCC_OPTIMIZATION_LEVEL = 0;
				GCC_PREPROCESSOR_DEFINITIONS = (
					"DEBUG=1",
					"$(inherited)",
				);
				GCC_SYMBOLS_PRIVATE_EXTERN = NO;
				GCC_WARN_64_TO_32_BIT_CONVERSION = YES;
				GCC_WARN_ABOUT_RETURN_TYPE = YES_ERROR;
				GCC_WARN_UNDECLARED_SELECTOR = YES;
				GCC_WARN_UNINITIALIZED_AUTOS = YES_AGGRESSIVE;
				GCC_WARN_UNUSED_FUNCTION = YES;
				GCC_WARN_UNUSED_VARIABLE = YES;
				IPHONEOS_DEPLOYMENT_TARGET = 13.4;
				LD = "";
				LDPLUSPLUS = "";
				LD_RUNPATH_SEARCH_PATHS = (
					/usr/lib/swift,
					"$(inherited)",
				);
				LIBRARY_SEARCH_PATHS = (
					"\"$(SDKROOT)/usr/lib/swift\"",
					"\"$(TOOLCHAIN_DIR)/usr/lib/swift/$(PLATFORM_NAME)\"",
					"\"$(inherited)\"",
				);
				MTL_ENABLE_DEBUG_INFO = YES;
				ONLY_ACTIVE_ARCH = YES;
				OTHER_CPLUSPLUSFLAGS = (
					"$(OTHER_CFLAGS)",
					"-DFOLLY_NO_CONFIG",
					"-DFOLLY_MOBILE=1",
					"-DFOLLY_USE_LIBCPP=1",
					"-DFOLLY_CFG_NO_COROUTINES=1",
					"-DFOLLY_HAVE_CLOCK_GETTIME=1",
				);
				OTHER_LDFLAGS = "$(inherited)";
				REACT_NATIVE_PATH = "${PODS_ROOT}/../../node_modules/react-native";
				SDKROOT = iphoneos;
				SWIFT_ACTIVE_COMPILATION_CONDITIONS = "$(inherited) DEBUG";
				USE_HERMES = true;
			};
			name = Debug;
		};
		83CBBA211A601CBA00E9B192 /* Release */ = {
			isa = XCBuildConfiguration;
			buildSettings = {
				ALWAYS_SEARCH_USER_PATHS = NO;
				CC = "";
				CLANG_ANALYZER_LOCALIZABILITY_NONLOCALIZED = YES;
				CLANG_CXX_LANGUAGE_STANDARD = "c++20";
				CLANG_CXX_LIBRARY = "libc++";
				CLANG_ENABLE_MODULES = YES;
				CLANG_ENABLE_OBJC_ARC = YES;
				CLANG_WARN_BLOCK_CAPTURE_AUTORELEASING = YES;
				CLANG_WARN_BOOL_CONVERSION = YES;
				CLANG_WARN_COMMA = YES;
				CLANG_WARN_CONSTANT_CONVERSION = YES;
				CLANG_WARN_DEPRECATED_OBJC_IMPLEMENTATIONS = YES;
				CLANG_WARN_DIRECT_OBJC_ISA_USAGE = YES_ERROR;
				CLANG_WARN_EMPTY_BODY = YES;
				CLANG_WARN_ENUM_CONVERSION = YES;
				CLANG_WARN_INFINITE_RECURSION = YES;
				CLANG_WARN_INT_CONVERSION = YES;
				CLANG_WARN_NON_LITERAL_NULL_CONVERSION = YES;
				CLANG_WARN_OBJC_IMPLICIT_RETAIN_SELF = YES;
				CLANG_WARN_OBJC_LITERAL_CONVERSION = YES;
				CLANG_WARN_OBJC_ROOT_CLASS = YES_ERROR;
				CLANG_WARN_QUOTED_INCLUDE_IN_FRAMEWORK_HEADER = YES;
				CLANG_WARN_RANGE_LOOP_ANALYSIS = YES;
				CLANG_WARN_STRICT_PROTOTYPES = YES;
				CLANG_WARN_SUSPICIOUS_MOVE = YES;
				CLANG_WARN_UNREACHABLE_CODE = YES;
				CLANG_WARN__DUPLICATE_METHOD_MATCH = YES;
				"CODE_SIGN_IDENTITY[sdk=iphoneos*]" = "iPhone Developer";
				COPY_PHASE_STRIP = YES;
				CXX = "";
				ENABLE_NS_ASSERTIONS = NO;
				ENABLE_STRICT_OBJC_MSGSEND = YES;
				"EXCLUDED_ARCHS[sdk=iphonesimulator*]" = "";
				GCC_C_LANGUAGE_STANDARD = gnu99;
				GCC_NO_COMMON_BLOCKS = YES;
				GCC_WARN_64_TO_32_BIT_CONVERSION = YES;
				GCC_WARN_ABOUT_RETURN_TYPE = YES_ERROR;
				GCC_WARN_UNDECLARED_SELECTOR = YES;
				GCC_WARN_UNINITIALIZED_AUTOS = YES_AGGRESSIVE;
				GCC_WARN_UNUSED_FUNCTION = YES;
				GCC_WARN_UNUSED_VARIABLE = YES;
				IPHONEOS_DEPLOYMENT_TARGET = 13.4;
				LD = "";
				LDPLUSPLUS = "";
				LD_RUNPATH_SEARCH_PATHS = (
					/usr/lib/swift,
					"$(inherited)",
				);
				LIBRARY_SEARCH_PATHS = (
					"\"$(SDKROOT)/usr/lib/swift\"",
					"\"$(TOOLCHAIN_DIR)/usr/lib/swift/$(PLATFORM_NAME)\"",
					"\"$(inherited)\"",
				);
				MTL_ENABLE_DEBUG_INFO = NO;
				OTHER_CPLUSPLUSFLAGS = (
					"$(OTHER_CFLAGS)",
					"-DFOLLY_NO_CONFIG",
					"-DFOLLY_MOBILE=1",
					"-DFOLLY_USE_LIBCPP=1",
					"-DFOLLY_CFG_NO_COROUTINES=1",
					"-DFOLLY_HAVE_CLOCK_GETTIME=1",
				);
				OTHER_LDFLAGS = "$(inherited)";
				REACT_NATIVE_PATH = "${PODS_ROOT}/../../node_modules/react-native";
				SDKROOT = iphoneos;
				USE_HERMES = true;
				VALIDATE_PRODUCT = YES;
			};
			name = Release;
		};
/* End XCBuildConfiguration section */

/* Begin XCConfigurationList section */
		00E357021AD99517003FC87E /* Build configuration list for PBXNativeTarget "hplifeTests" */ = {
			isa = XCConfigurationList;
			buildConfigurations = (
				00E356F61AD99517003FC87E /* Debug */,
				00E356F71AD99517003FC87E /* Release */,
			);
			defaultConfigurationIsVisible = 0;
			defaultConfigurationName = Release;
		};
		13B07F931A680F5B00A75B9A /* Build configuration list for PBXNativeTarget "hplife" */ = {
			isa = XCConfigurationList;
			buildConfigurations = (
				13B07F941A680F5B00A75B9A /* Debug */,
				13B07F951A680F5B00A75B9A /* Release */,
			);
			defaultConfigurationIsVisible = 0;
			defaultConfigurationName = Release;
		};
		83CBB9FA1A601CBA00E9B192 /* Build configuration list for PBXProject "hplife" */ = {
			isa = XCConfigurationList;
			buildConfigurations = (
				83CBBA201A601CBA00E9B192 /* Debug */,
				83CBBA211A601CBA00E9B192 /* Release */,
			);
			defaultConfigurationIsVisible = 0;
			defaultConfigurationName = Release;
		};
/* End XCConfigurationList section */
	};
	rootObject = 83CBB9F71A601CBA00E9B192 /* Project object */;
}
